// !$*UTF8*$!
{
	archiveVersion = 1;
	classes = {
	};
	objectVersion = 46;
	objects = {

/* Begin PBXBuildFile section */
		4451E5CA1665B6E4007E0C8B /* UIKit.framework in Frameworks */ = {isa = PBXBuildFile; fileRef = 4451E5C91665B6E4007E0C8B /* UIKit.framework */; };
		4451E5CC1665B6E4007E0C8B /* Foundation.framework in Frameworks */ = {isa = PBXBuildFile; fileRef = 4451E5CB1665B6E4007E0C8B /* Foundation.framework */; };
		4451E5CE1665B6E4007E0C8B /* CoreGraphics.framework in Frameworks */ = {isa = PBXBuildFile; fileRef = 4451E5CD1665B6E4007E0C8B /* CoreGraphics.framework */; };
		4451E5D41665B6E4007E0C8B /* InfoPlist.strings in Resources */ = {isa = PBXBuildFile; fileRef = 4451E5D21665B6E4007E0C8B /* InfoPlist.strings */; };
		4451E5D61665B6E4007E0C8B /* main.m in Sources */ = {isa = PBXBuildFile; fileRef = 4451E5D51665B6E4007E0C8B /* main.m */; };
		4451E5DA1665B6E4007E0C8B /* AppDelegate.m in Sources */ = {isa = PBXBuildFile; fileRef = 4451E5D91665B6E4007E0C8B /* AppDelegate.m */; };
		4451E5DC1665B6E4007E0C8B /* Default.png in Resources */ = {isa = PBXBuildFile; fileRef = 4451E5DB1665B6E4007E0C8B /* Default.png */; };
		4451E5DE1665B6E4007E0C8B /* Default@2x.png in Resources */ = {isa = PBXBuildFile; fileRef = 4451E5DD1665B6E4007E0C8B /* Default@2x.png */; };
		4451E5E01665B6E4007E0C8B /* Default-568h@2x.png in Resources */ = {isa = PBXBuildFile; fileRef = 4451E5DF1665B6E4007E0C8B /* Default-568h@2x.png */; };
		4451E5E31665B6E4007E0C8B /* MainStoryboard.storyboard in Resources */ = {isa = PBXBuildFile; fileRef = 4451E5E11665B6E4007E0C8B /* MainStoryboard.storyboard */; };
		4451E5E61665B6E4007E0C8B /* ViewController.m in Sources */ = {isa = PBXBuildFile; fileRef = 4451E5E51665B6E4007E0C8B /* ViewController.m */; };
/* End PBXBuildFile section */

/* Begin PBXFileReference section */
		4451E5C51665B6E4007E0C8B /* SocketTest.app */ = {isa = PBXFileReference; explicitFileType = wrapper.application; includeInIndex = 0; path = SocketTest.app; sourceTree = BUILT_PRODUCTS_DIR; };
		4451E5C91665B6E4007E0C8B /* UIKit.framework */ = {isa = PBXFileReference; lastKnownFileType = wrapper.framework; name = UIKit.framework; path = System/Library/Frameworks/UIKit.framework; sourceTree = SDKROOT; };
		4451E5CB1665B6E4007E0C8B /* Foundation.framework */ = {isa = PBXFileReference; lastKnownFileType = wrapper.framework; name = Foundation.framework; path = System/Library/Frameworks/Foundation.framework; sourceTree = SDKROOT; };
		4451E5CD1665B6E4007E0C8B /* CoreGraphics.framework */ = {isa = PBXFileReference; lastKnownFileType = wrapper.framework; name = CoreGraphics.framework; path = System/Library/Frameworks/CoreGraphics.framework; sourceTree = SDKROOT; };
		4451E5D11665B6E4007E0C8B /* SocketTest-Info.plist */ = {isa = PBXFileReference; lastKnownFileType = text.plist.xml; path = "SocketTest-Info.plist"; sourceTree = "<group>"; };
		4451E5D31665B6E4007E0C8B /* en */ = {isa = PBXFileReference; lastKnownFileType = text.plist.strings; name = en; path = en.lproj/InfoPlist.strings; sourceTree = "<group>"; };
		4451E5D51665B6E4007E0C8B /* main.m */ = {isa = PBXFileReference; lastKnownFileType = sourcecode.c.objc; path = main.m; sourceTree = "<group>"; };
		4451E5D71665B6E4007E0C8B /* SocketTest-Prefix.pch */ = {isa = PBXFileReference; lastKnownFileType = sourcecode.c.h; path = "SocketTest-Prefix.pch"; sourceTree = "<group>"; };
		4451E5D81665B6E4007E0C8B /* AppDelegate.h */ = {isa = PBXFileReference; lastKnownFileType = sourcecode.c.h; path = AppDelegate.h; sourceTree = "<group>"; };
		4451E5D91665B6E4007E0C8B /* AppDelegate.m */ = {isa = PBXFileReference; lastKnownFileType = sourcecode.c.objc; path = AppDelegate.m; sourceTree = "<group>"; };
		4451E5DB1665B6E4007E0C8B /* Default.png */ = {isa = PBXFileReference; lastKnownFileType = image.png; path = Default.png; sourceTree = "<group>"; };
		4451E5DD1665B6E4007E0C8B /* Default@2x.png */ = {isa = PBXFileReference; lastKnownFileType = image.png; path = "Default@2x.png"; sourceTree = "<group>"; };
		4451E5DF1665B6E4007E0C8B /* Default-568h@2x.png */ = {isa = PBXFileReference; lastKnownFileType = image.png; path = "Default-568h@2x.png"; sourceTree = "<group>"; };
		4451E5E21665B6E4007E0C8B /* en */ = {isa = PBXFileReference; lastKnownFileType = file.storyboard; name = en; path = en.lproj/MainStoryboard.storyboard; sourceTree = "<group>"; };
		4451E5E41665B6E4007E0C8B /* ViewController.h */ = {isa = PBXFileReference; lastKnownFileType = sourcecode.c.h; path = ViewController.h; sourceTree = "<group>"; };
		4451E5E51665B6E4007E0C8B /* ViewController.m */ = {isa = PBXFileReference; lastKnownFileType = sourcecode.c.objc; path = ViewController.m; sourceTree = "<group>"; };
/* End PBXFileReference section */

/* Begin PBXFrameworksBuildPhase section */
		4451E5C21665B6E4007E0C8B /* Frameworks */ = {
			isa = PBXFrameworksBuildPhase;
			buildActionMask = 2147483647;
			files = (
				4451E5CA1665B6E4007E0C8B /* UIKit.framework in Frameworks */,
				4451E5CC1665B6E4007E0C8B /* Foundation.framework in Frameworks */,
				4451E5CE1665B6E4007E0C8B /* CoreGraphics.framework in Frameworks */,
			);
			runOnlyForDeploymentPostprocessing = 0;
		};
/* End PBXFrameworksBuildPhase section */

/* Begin PBXGroup section */
		4451E5BA1665B6E4007E0C8B = {
			isa = PBXGroup;
			children = (
				4451E5CF1665B6E4007E0C8B /* SocketTest */,
				4451E5C81665B6E4007E0C8B /* Frameworks */,
				4451E5C61665B6E4007E0C8B /* Products */,
			);
			sourceTree = "<group>";
		};
		4451E5C61665B6E4007E0C8B /* Products */ = {
			isa = PBXGroup;
			children = (
				4451E5C51665B6E4007E0C8B /* SocketTest.app */,
			);
			name = Products;
			sourceTree = "<group>";
		};
		4451E5C81665B6E4007E0C8B /* Frameworks */ = {
			isa = PBXGroup;
			children = (
				4451E5C91665B6E4007E0C8B /* UIKit.framework */,
				4451E5CB1665B6E4007E0C8B /* Foundation.framework */,
				4451E5CD1665B6E4007E0C8B /* CoreGraphics.framework */,
			);
			name = Frameworks;
			sourceTree = "<group>";
		};
		4451E5CF1665B6E4007E0C8B /* SocketTest */ = {
			isa = PBXGroup;
			children = (
				4451E5D81665B6E4007E0C8B /* AppDelegate.h */,
				4451E5D91665B6E4007E0C8B /* AppDelegate.m */,
				4451E5E11665B6E4007E0C8B /* MainStoryboard.storyboard */,
				4451E5E41665B6E4007E0C8B /* ViewController.h */,
				4451E5E51665B6E4007E0C8B /* ViewController.m */,
				4451E5D01665B6E4007E0C8B /* Supporting Files */,
			);
			path = SocketTest;
			sourceTree = "<group>";
		};
		4451E5D01665B6E4007E0C8B /* Supporting Files */ = {
			isa = PBXGroup;
			children = (
				4451E5D11665B6E4007E0C8B /* SocketTest-Info.plist */,
				4451E5D21665B6E4007E0C8B /* InfoPlist.strings */,
				4451E5D51665B6E4007E0C8B /* main.m */,
				4451E5D71665B6E4007E0C8B /* SocketTest-Prefix.pch */,
				4451E5DB1665B6E4007E0C8B /* Default.png */,
				4451E5DD1665B6E4007E0C8B /* Default@2x.png */,
				4451E5DF1665B6E4007E0C8B /* Default-568h@2x.png */,
			);
			name = "Supporting Files";
			sourceTree = "<group>";
		};
/* End PBXGroup section */

/* Begin PBXNativeTarget section */
		4451E5C41665B6E4007E0C8B /* SocketTest */ = {
			isa = PBXNativeTarget;
			buildConfigurationList = 4451E5E91665B6E4007E0C8B /* Build configuration list for PBXNativeTarget "SocketTest" */;
			buildPhases = (
				4451E5C11665B6E4007E0C8B /* Sources */,
				4451E5C21665B6E4007E0C8B /* Frameworks */,
				4451E5C31665B6E4007E0C8B /* Resources */,
			);
			buildRules = (
			);
			dependencies = (
			);
			name = SocketTest;
			productName = SocketTest;
			productReference = 4451E5C51665B6E4007E0C8B /* SocketTest.app */;
			productType = "com.apple.product-type.application";
		};
/* End PBXNativeTarget section */

/* Begin PBXProject section */
		4451E5BC1665B6E4007E0C8B /* Project object */ = {
			isa = PBXProject;
			attributes = {
				LastUpgradeCheck = 0450;
			};
			buildConfigurationList = 4451E5BF1665B6E4007E0C8B /* Build configuration list for PBXProject "SocketTest" */;
			compatibilityVersion = "Xcode 3.2";
			developmentRegion = English;
			hasScannedForEncodings = 0;
			knownRegions = (
				en,
			);
			mainGroup = 4451E5BA1665B6E4007E0C8B;
			productRefGroup = 4451E5C61665B6E4007E0C8B /* Products */;
			projectDirPath = "";
			projectRoot = "";
			targets = (
				4451E5C41665B6E4007E0C8B /* SocketTest */,
			);
		};
/* End PBXProject section */

/* Begin PBXResourcesBuildPhase section */
		4451E5C31665B6E4007E0C8B /* Resources */ = {
			isa = PBXResourcesBuildPhase;
			buildActionMask = 2147483647;
			files = (
				4451E5D41665B6E4007E0C8B /* InfoPlist.strings in Resources */,
				4451E5DC1665B6E4007E0C8B /* Default.png in Resources */,
				4451E5DE1665B6E4007E0C8B /* Default@2x.png in Resources */,
				4451E5E01665B6E4007E0C8B /* Default-568h@2x.png in Resources */,
				4451E5E31665B6E4007E0C8B /* MainStoryboard.storyboard in Resources */,
			);
			runOnlyForDeploymentPostprocessing = 0;
		};
/* End PBXResourcesBuildPhase section */

/* Begin PBXSourcesBuildPhase section */
		4451E5C11665B6E4007E0C8B /* Sources */ = {
			isa = PBXSourcesBuildPhase;
			buildActionMask = 2147483647;
			files = (
				4451E5D61665B6E4007E0C8B /* main.m in Sources */,
				4451E5DA1665B6E4007E0C8B /* AppDelegate.m in Sources */,
				4451E5E61665B6E4007E0C8B /* ViewController.m in Sources */,
			);
			runOnlyForDeploymentPostprocessing = 0;
		};
/* End PBXSourcesBuildPhase section */

/* Begin PBXVariantGroup section */
		4451E5D21665B6E4007E0C8B /* InfoPlist.strings */ = {
			isa = PBXVariantGroup;
			children = (
				4451E5D31665B6E4007E0C8B /* en */,
			);
			name = InfoPlist.strings;
			sourceTree = "<group>";
		};
		4451E5E11665B6E4007E0C8B /* MainStoryboard.storyboard */ = {
			isa = PBXVariantGroup;
			children = (
				4451E5E21665B6E4007E0C8B /* en */,
			);
			name = MainStoryboard.storyboard;
			sourceTree = "<group>";
		};
/* End PBXVariantGroup section */

/* Begin XCBuildConfiguration section */
		4451E5E71665B6E4007E0C8B /* Debug */ = {
			isa = XCBuildConfiguration;
			buildSettings = {
				ALWAYS_SEARCH_USER_PATHS = NO;
				CLANG_CXX_LANGUAGE_STANDARD = "gnu++0x";
				CLANG_CXX_LIBRARY = "libc++";
				CLANG_ENABLE_OBJC_ARC = YES;
				CLANG_WARN_EMPTY_BODY = YES;
				CLANG_WARN__DUPLICATE_METHOD_MATCH = YES;
				"CODE_SIGN_IDENTITY[sdk=iphoneos*]" = "iPhone Developer";
				COPY_PHASE_STRIP = NO;
				GCC_C_LANGUAGE_STANDARD = gnu99;
				GCC_DYNAMIC_NO_PIC = NO;
				GCC_OPTIMIZATION_LEVEL = 0;
				GCC_PREPROCESSOR_DEFINITIONS = (
					"DEBUG=1",
					"$(inherited)",
				);
				GCC_SYMBOLS_PRIVATE_EXTERN = NO;
				GCC_WARN_ABOUT_RETURN_TYPE = YES;
				GCC_WARN_UNINITIALIZED_AUTOS = YES;
				GCC_WARN_UNUSED_VARIABLE = YES;
				IPHONEOS_DEPLOYMENT_TARGET = 6.0;
				SDKROOT = iphoneos;
			};
			name = Debug;
		};
		4451E5E81665B6E4007E0C8B /* Release */ = {
			isa = XCBuildConfiguration;
			buildSettings = {
				ALWAYS_SEARCH_USER_PATHS = NO;
				CLANG_CXX_LANGUAGE_STANDARD = "gnu++0x";
				CLANG_CXX_LIBRARY = "libc++";
				CLANG_ENABLE_OBJC_ARC = YES;
				CLANG_WARN_EMPTY_BODY = YES;
				CLANG_WARN__DUPLICATE_METHOD_MATCH = YES;
				"CODE_SIGN_IDENTITY[sdk=iphoneos*]" = "iPhone Developer";
				COPY_PHASE_STRIP = YES;
				GCC_C_LANGUAGE_STANDARD = gnu99;
				GCC_WARN_ABOUT_RETURN_TYPE = YES;
				GCC_WARN_UNINITIALIZED_AUTOS = YES;
				GCC_WARN_UNUSED_VARIABLE = YES;
				IPHONEOS_DEPLOYMENT_TARGET = 6.0;
				OTHER_CFLAGS = "-DNS_BLOCK_ASSERTIONS=1";
				SDKROOT = iphoneos;
				VALIDATE_PRODUCT = YES;
			};
			name = Release;
		};
		4451E5EA1665B6E4007E0C8B /* Debug */ = {
			isa = XCBuildConfiguration;
			buildSettings = {
				GCC_PRECOMPILE_PREFIX_HEADER = YES;
				GCC_PREFIX_HEADER = "SocketTest/SocketTest-Prefix.pch";
				INFOPLIST_FILE = "SocketTest/SocketTest-Info.plist";
				PRODUCT_NAME = "$(TARGET_NAME)";
				WRAPPER_EXTENSION = app;
			};
			name = Debug;
		};
		4451E5EB1665B6E4007E0C8B /* Release */ = {
			isa = XCBuildConfiguration;
			buildSettings = {
				GCC_PRECOMPILE_PREFIX_HEADER = YES;
				GCC_PREFIX_HEADER = "SocketTest/SocketTest-Prefix.pch";
				INFOPLIST_FILE = "SocketTest/SocketTest-Info.plist";
				PRODUCT_NAME = "$(TARGET_NAME)";
				WRAPPER_EXTENSION = app;
			};
			name = Release;
		};
/* End XCBuildConfiguration section */

/* Begin XCConfigurationList section */
		4451E5BF1665B6E4007E0C8B /* Build configuration list for PBXProject "SocketTest" */ = {
			isa = XCConfigurationList;
			buildConfigurations = (
				4451E5E71665B6E4007E0C8B /* Debug */,
				4451E5E81665B6E4007E0C8B /* Release */,
			);
			defaultConfigurationIsVisible = 0;
			defaultConfigurationName = Release;
		};
		4451E5E91665B6E4007E0C8B /* Build configuration list for PBXNativeTarget "SocketTest" */ = {
			isa = XCConfigurationList;
			buildConfigurations = (
				4451E5EA1665B6E4007E0C8B /* Debug */,
				4451E5EB1665B6E4007E0C8B /* Release */,
			);
			defaultConfigurationIsVisible = 0;
		};
/* End XCConfigurationList section */
	};
	rootObject = 4451E5BC1665B6E4007E0C8B /* Project object */;
}
